
Microsoft Visual Studio Solution File, Format Version 12.00
# Visual Studio Version 17
VisualStudioVersion = 17.10.34916.146
MinimumVisualStudioVersion = 10.0.40219.1
Project("{2150E333-8FDC-42A3-9474-1A3956D46DE8}") = "SkiApp", "SkiApp", "{B13D8BFF-81B5-4A08-8779-20C617C7FE5B}"
EndProject
Project("{FAE04EC0-301F-11D3-BF4B-00C04F79EFBC}") = "SkiApp.Web", "SkiApp.Web\SkiApp.Web.csproj", "{3DCC41BB-8AF8-4D70-AD16-E4B472D656A0}"
EndProject
Project("{FAE04EC0-301F-11D3-BF4B-00C04F79EFBC}") = "SkiApp.Domain", "SkiApp.Domain\SkiApp.Domain.csproj", "{F2498ACF-C3C3-4951-B370-D94D24A8C589}"
EndProject
Global
	GlobalSection(SolutionConfigurationPlatforms) = preSolution
		Debug|Any CPU = Debug|Any CPU
		Release|Any CPU = Release|Any CPU
	EndGlobalSection
	GlobalSection(ProjectConfigurationPlatforms) = postSolution
		{3DCC41BB-8AF8-4D70-AD16-E4B472D656A0}.Debug|Any CPU.ActiveCfg = Debug|Any CPU
		{3DCC41BB-8AF8-4D70-AD16-E4B472D656A0}.Debug|Any CPU.Build.0 = Debug|Any CPU
		{3DCC41BB-8AF8-4D70-AD16-E4B472D656A0}.Release|Any CPU.ActiveCfg = Release|Any CPU
		{3DCC41BB-8AF8-4D70-AD16-E4B472D656A0}.Release|Any CPU.Build.0 = Release|Any CPU
		{F2498ACF-C3C3-4951-B370-D94D24A8C589}.Debug|Any CPU.ActiveCfg = Debug|Any CPU
		{F2498ACF-C3C3-4951-B370-D94D24A8C589}.Debug|Any CPU.Build.0 = Debug|Any CPU
		{F2498ACF-C3C3-4951-B370-D94D24A8C589}.Release|Any CPU.ActiveCfg = Release|Any CPU
		{F2498ACF-C3C3-4951-B370-D94D24A8C589}.Release|Any CPU.Build.0 = Release|Any CPU
	EndGlobalSection
	GlobalSection(SolutionProperties) = preSolution
		HideSolutionNode = FALSE
	EndGlobalSection
	GlobalSection(NestedProjects) = preSolution
		{3DCC41BB-8AF8-4D70-AD16-E4B472D656A0} = {B13D8BFF-81B5-4A08-8779-20C617C7FE5B}
		{F2498ACF-C3C3-4951-B370-D94D24A8C589} = {B13D8BFF-81B5-4A08-8779-20C617C7FE5B}
	EndGlobalSection
	GlobalSection(ExtensibilityGlobals) = postSolution
		SolutionGuid = {0E06A78D-6739-409D-85FB-C074181E79A2}
	EndGlobalSection
EndGlobal
